// !$*UTF8*$!
{
	archiveVersion = 1;
	classes = {
	};
	objectVersion = 50;
	objects = {

/* Begin PBXBuildFile section */
		253E166722AAA9AC00C2C901 /* AppDelegate.swift in Sources */ = {isa = PBXBuildFile; fileRef = 253E166622AAA9AC00C2C901 /* AppDelegate.swift */; };
		253E166922AAA9AC00C2C901 /* ViewController.swift in Sources */ = {isa = PBXBuildFile; fileRef = 253E166822AAA9AC00C2C901 /* ViewController.swift */; };
		253E166C22AAA9AC00C2C901 /* Main.storyboard in Resources */ = {isa = PBXBuildFile; fileRef = 253E166A22AAA9AC00C2C901 /* Main.storyboard */; };
		253E166F22AAA9AC00C2C901 /* Bedside.xcdatamodeld in Sources */ = {isa = PBXBuildFile; fileRef = 253E166D22AAA9AC00C2C901 /* Bedside.xcdatamodeld */; };
		253E167122AAA9AF00C2C901 /* Assets.xcassets in Resources */ = {isa = PBXBuildFile; fileRef = 253E167022AAA9AF00C2C901 /* Assets.xcassets */; };
		253E167422AAA9AF00C2C901 /* LaunchScreen.storyboard in Resources */ = {isa = PBXBuildFile; fileRef = 253E167222AAA9AF00C2C901 /* LaunchScreen.storyboard */; };
		253E167F22AAA9AF00C2C901 /* BedsideTests.swift in Sources */ = {isa = PBXBuildFile; fileRef = 253E167E22AAA9AF00C2C901 /* BedsideTests.swift */; };
		253E168A22AAA9AF00C2C901 /* BedsideUITests.swift in Sources */ = {isa = PBXBuildFile; fileRef = 253E168922AAA9AF00C2C901 /* BedsideUITests.swift */; };
/* End PBXBuildFile section */

/* Begin PBXContainerItemProxy section */
		253E167B22AAA9AF00C2C901 /* PBXContainerItemProxy */ = {
			isa = PBXContainerItemProxy;
			containerPortal = 253E165B22AAA9AC00C2C901 /* Project object */;
			proxyType = 1;
			remoteGlobalIDString = 253E166222AAA9AC00C2C901;
			remoteInfo = Bedside;
		};
		253E168622AAA9AF00C2C901 /* PBXContainerItemProxy */ = {
			isa = PBXContainerItemProxy;
			containerPortal = 253E165B22AAA9AC00C2C901 /* Project object */;
			proxyType = 1;
			remoteGlobalIDString = 253E166222AAA9AC00C2C901;
			remoteInfo = Bedside;
		};
/* End PBXContainerItemProxy section */

/* Begin PBXFileReference section */
		253E166322AAA9AC00C2C901 /* Bedside.app */ = {isa = PBXFileReference; explicitFileType = wrapper.application; includeInIndex = 0; path = Bedside.app; sourceTree = BUILT_PRODUCTS_DIR; };
		253E166622AAA9AC00C2C901 /* AppDelegate.swift */ = {isa = PBXFileReference; lastKnownFileType = sourcecode.swift; path = AppDelegate.swift; sourceTree = "<group>"; };
		253E166822AAA9AC00C2C901 /* ViewController.swift */ = {isa = PBXFileReference; lastKnownFileType = sourcecode.swift; path = ViewController.swift; sourceTree = "<group>"; };
		253E166B22AAA9AC00C2C901 /* Base */ = {isa = PBXFileReference; lastKnownFileType = file.storyboard; name = Base; path = Base.lproj/Main.storyboard; sourceTree = "<group>"; };
		253E166E22AAA9AC00C2C901 /* Bedside.xcdatamodel */ = {isa = PBXFileReference; lastKnownFileType = wrapper.xcdatamodel; path = Bedside.xcdatamodel; sourceTree = "<group>"; };
		253E167022AAA9AF00C2C901 /* Assets.xcassets */ = {isa = PBXFileReference; lastKnownFileType = folder.assetcatalog; path = Assets.xcassets; sourceTree = "<group>"; };
		253E167322AAA9AF00C2C901 /* Base */ = {isa = PBXFileReference; lastKnownFileType = file.storyboard; name = Base; path = Base.lproj/LaunchScreen.storyboard; sourceTree = "<group>"; };
		253E167522AAA9AF00C2C901 /* Info.plist */ = {isa = PBXFileReference; lastKnownFileType = text.plist.xml; path = Info.plist; sourceTree = "<group>"; };
		253E167A22AAA9AF00C2C901 /* BedsideTests.xctest */ = {isa = PBXFileReference; explicitFileType = wrapper.cfbundle; includeInIndex = 0; path = BedsideTests.xctest; sourceTree = BUILT_PRODUCTS_DIR; };
		253E167E22AAA9AF00C2C901 /* BedsideTests.swift */ = {isa = PBXFileReference; lastKnownFileType = sourcecode.swift; path = BedsideTests.swift; sourceTree = "<group>"; };
		253E168022AAA9AF00C2C901 /* Info.plist */ = {isa = PBXFileReference; lastKnownFileType = text.plist.xml; path = Info.plist; sourceTree = "<group>"; };
		253E168522AAA9AF00C2C901 /* BedsideUITests.xctest */ = {isa = PBXFileReference; explicitFileType = wrapper.cfbundle; includeInIndex = 0; path = BedsideUITests.xctest; sourceTree = BUILT_PRODUCTS_DIR; };
		253E168922AAA9AF00C2C901 /* BedsideUITests.swift */ = {isa = PBXFileReference; lastKnownFileType = sourcecode.swift; path = BedsideUITests.swift; sourceTree = "<group>"; };
		253E168B22AAA9AF00C2C901 /* Info.plist */ = {isa = PBXFileReference; lastKnownFileType = text.plist.xml; path = Info.plist; sourceTree = "<group>"; };
/* End PBXFileReference section */

/* Begin PBXFrameworksBuildPhase section */
		253E166022AAA9AC00C2C901 /* Frameworks */ = {
			isa = PBXFrameworksBuildPhase;
			buildActionMask = 2147483647;
			files = (
			);
			runOnlyForDeploymentPostprocessing = 0;
		};
		253E167722AAA9AF00C2C901 /* Frameworks */ = {
			isa = PBXFrameworksBuildPhase;
			buildActionMask = 2147483647;
			files = (
			);
			runOnlyForDeploymentPostprocessing = 0;
		};
		253E168222AAA9AF00C2C901 /* Frameworks */ = {
			isa = PBXFrameworksBuildPhase;
			buildActionMask = 2147483647;
			files = (
			);
			runOnlyForDeploymentPostprocessing = 0;
		};
/* End PBXFrameworksBuildPhase section */

/* Begin PBXGroup section */
		253E165A22AAA9AC00C2C901 = {
			isa = PBXGroup;
			children = (
				253E166522AAA9AC00C2C901 /* Bedside */,
				253E167D22AAA9AF00C2C901 /* BedsideTests */,
				253E168822AAA9AF00C2C901 /* BedsideUITests */,
				253E166422AAA9AC00C2C901 /* Products */,
			);
			sourceTree = "<group>";
		};
		253E166422AAA9AC00C2C901 /* Products */ = {
			isa = PBXGroup;
			children = (
				253E166322AAA9AC00C2C901 /* Bedside.app */,
				253E167A22AAA9AF00C2C901 /* BedsideTests.xctest */,
				253E168522AAA9AF00C2C901 /* BedsideUITests.xctest */,
			);
			name = Products;
			sourceTree = "<group>";
		};
		253E166522AAA9AC00C2C901 /* Bedside */ = {
			isa = PBXGroup;
			children = (
				253E166622AAA9AC00C2C901 /* AppDelegate.swift */,
				253E166822AAA9AC00C2C901 /* ViewController.swift */,
				253E166A22AAA9AC00C2C901 /* Main.storyboard */,
				253E167022AAA9AF00C2C901 /* Assets.xcassets */,
				253E167222AAA9AF00C2C901 /* LaunchScreen.storyboard */,
				253E167522AAA9AF00C2C901 /* Info.plist */,
				253E166D22AAA9AC00C2C901 /* Bedside.xcdatamodeld */,
			);
			path = Bedside;
			sourceTree = "<group>";
		};
		253E167D22AAA9AF00C2C901 /* BedsideTests */ = {
			isa = PBXGroup;
			children = (
				253E167E22AAA9AF00C2C901 /* BedsideTests.swift */,
				253E168022AAA9AF00C2C901 /* Info.plist */,
			);
			path = BedsideTests;
			sourceTree = "<group>";
		};
		253E168822AAA9AF00C2C901 /* BedsideUITests */ = {
			isa = PBXGroup;
			children = (
				253E168922AAA9AF00C2C901 /* BedsideUITests.swift */,
				253E168B22AAA9AF00C2C901 /* Info.plist */,
			);
			path = BedsideUITests;
			sourceTree = "<group>";
		};
/* End PBXGroup section */

/* Begin PBXNativeTarget section */
		253E166222AAA9AC00C2C901 /* Bedside */ = {
			isa = PBXNativeTarget;
			buildConfigurationList = 253E168E22AAA9AF00C2C901 /* Build configuration list for PBXNativeTarget "Bedside" */;
			buildPhases = (
				253E165F22AAA9AC00C2C901 /* Sources */,
				253E166022AAA9AC00C2C901 /* Frameworks */,
				253E166122AAA9AC00C2C901 /* Resources */,
			);
			buildRules = (
			);
			dependencies = (
			);
			name = Bedside;
			productName = Bedside;
			productReference = 253E166322AAA9AC00C2C901 /* Bedside.app */;
			productType = "com.apple.product-type.application";
		};
		253E167922AAA9AF00C2C901 /* BedsideTests */ = {
			isa = PBXNativeTarget;
			buildConfigurationList = 253E169122AAA9AF00C2C901 /* Build configuration list for PBXNativeTarget "BedsideTests" */;
			buildPhases = (
				253E167622AAA9AF00C2C901 /* Sources */,
				253E167722AAA9AF00C2C901 /* Frameworks */,
				253E167822AAA9AF00C2C901 /* Resources */,
			);
			buildRules = (
			);
			dependencies = (
				253E167C22AAA9AF00C2C901 /* PBXTargetDependency */,
			);
			name = BedsideTests;
			productName = BedsideTests;
			productReference = 253E167A22AAA9AF00C2C901 /* BedsideTests.xctest */;
			productType = "com.apple.product-type.bundle.unit-test";
		};
		253E168422AAA9AF00C2C901 /* BedsideUITests */ = {
			isa = PBXNativeTarget;
			buildConfigurationList = 253E169422AAA9AF00C2C901 /* Build configuration list for PBXNativeTarget "BedsideUITests" */;
			buildPhases = (
				253E168122AAA9AF00C2C901 /* Sources */,
				253E168222AAA9AF00C2C901 /* Frameworks */,
				253E168322AAA9AF00C2C901 /* Resources */,
			);
			buildRules = (
			);
			dependencies = (
				253E168722AAA9AF00C2C901 /* PBXTargetDependency */,
			);
			name = BedsideUITests;
			productName = BedsideUITests;
			productReference = 253E168522AAA9AF00C2C901 /* BedsideUITests.xctest */;
			productType = "com.apple.product-type.bundle.ui-testing";
		};
/* End PBXNativeTarget section */

/* Begin PBXProject section */
		253E165B22AAA9AC00C2C901 /* Project object */ = {
			isa = PBXProject;
			attributes = {
				LastSwiftUpdateCheck = 1020;
				LastUpgradeCheck = 1020;
				ORGANIZATIONNAME = "Dominick Hera";
				TargetAttributes = {
					253E166222AAA9AC00C2C901 = {
						CreatedOnToolsVersion = 10.2.1;
					};
					253E167922AAA9AF00C2C901 = {
						CreatedOnToolsVersion = 10.2.1;
						TestTargetID = 253E166222AAA9AC00C2C901;
					};
					253E168422AAA9AF00C2C901 = {
						CreatedOnToolsVersion = 10.2.1;
						TestTargetID = 253E166222AAA9AC00C2C901;
					};
				};
			};
			buildConfigurationList = 253E165E22AAA9AC00C2C901 /* Build configuration list for PBXProject "Bedside" */;
			compatibilityVersion = "Xcode 9.3";
			developmentRegion = en;
			hasScannedForEncodings = 0;
			knownRegions = (
				en,
				Base,
			);
			mainGroup = 253E165A22AAA9AC00C2C901;
			productRefGroup = 253E166422AAA9AC00C2C901 /* Products */;
			projectDirPath = "";
			projectRoot = "";
			targets = (
				253E166222AAA9AC00C2C901 /* Bedside */,
				253E167922AAA9AF00C2C901 /* BedsideTests */,
				253E168422AAA9AF00C2C901 /* BedsideUITests */,
			);
		};
/* End PBXProject section */

/* Begin PBXResourcesBuildPhase section */
		253E166122AAA9AC00C2C901 /* Resources */ = {
			isa = PBXResourcesBuildPhase;
			buildActionMask = 2147483647;
			files = (
				253E167422AAA9AF00C2C901 /* LaunchScreen.storyboard in Resources */,
				253E167122AAA9AF00C2C901 /* Assets.xcassets in Resources */,
				253E166C22AAA9AC00C2C901 /* Main.storyboard in Resources */,
			);
			runOnlyForDeploymentPostprocessing = 0;
		};
		253E167822AAA9AF00C2C901 /* Resources */ = {
			isa = PBXResourcesBuildPhase;
			buildActionMask = 2147483647;
			files = (
			);
			runOnlyForDeploymentPostprocessing = 0;
		};
		253E168322AAA9AF00C2C901 /* Resources */ = {
			isa = PBXResourcesBuildPhase;
			buildActionMask = 2147483647;
			files = (
			);
			runOnlyForDeploymentPostprocessing = 0;
		};
/* End PBXResourcesBuildPhase section */

/* Begin PBXSourcesBuildPhase section */
		253E165F22AAA9AC00C2C901 /* Sources */ = {
			isa = PBXSourcesBuildPhase;
			buildActionMask = 2147483647;
			files = (
				253E166922AAA9AC00C2C901 /* ViewController.swift in Sources */,
				253E166722AAA9AC00C2C901 /* AppDelegate.swift in Sources */,
				253E166F22AAA9AC00C2C901 /* Bedside.xcdatamodeld in Sources */,
			);
			runOnlyForDeploymentPostprocessing = 0;
		};
		253E167622AAA9AF00C2C901 /* Sources */ = {
			isa = PBXSourcesBuildPhase;
			buildActionMask = 2147483647;
			files = (
				253E167F22AAA9AF00C2C901 /* BedsideTests.swift in Sources */,
			);
			runOnlyForDeploymentPostprocessing = 0;
		};
		253E168122AAA9AF00C2C901 /* Sources */ = {
			isa = PBXSourcesBuildPhase;
			buildActionMask = 2147483647;
			files = (
				253E168A22AAA9AF00C2C901 /* BedsideUITests.swift in Sources */,
			);
			runOnlyForDeploymentPostprocessing = 0;
		};
/* End PBXSourcesBuildPhase section */

/* Begin PBXTargetDependency section */
		253E167C22AAA9AF00C2C901 /* PBXTargetDependency */ = {
			isa = PBXTargetDependency;
			target = 253E166222AAA9AC00C2C901 /* Bedside */;
			targetProxy = 253E167B22AAA9AF00C2C901 /* PBXContainerItemProxy */;
		};
		253E168722AAA9AF00C2C901 /* PBXTargetDependency */ = {
			isa = PBXTargetDependency;
			target = 253E166222AAA9AC00C2C901 /* Bedside */;
			targetProxy = 253E168622AAA9AF00C2C901 /* PBXContainerItemProxy */;
		};
/* End PBXTargetDependency section */

/* Begin PBXVariantGroup section */
		253E166A22AAA9AC00C2C901 /* Main.storyboard */ = {
			isa = PBXVariantGroup;
			children = (
				253E166B22AAA9AC00C2C901 /* Base */,
			);
			name = Main.storyboard;
			sourceTree = "<group>";
		};
		253E167222AAA9AF00C2C901 /* LaunchScreen.storyboard */ = {
			isa = PBXVariantGroup;
			children = (
				253E167322AAA9AF00C2C901 /* Base */,
			);
			name = LaunchScreen.storyboard;
			sourceTree = "<group>";
		};
/* End PBXVariantGroup section */

/* Begin XCBuildConfiguration section */
		253E168C22AAA9AF00C2C901 /* Debug */ = {
			isa = XCBuildConfiguration;
			buildSettings = {
				ALWAYS_SEARCH_USER_PATHS = NO;
				CLANG_ANALYZER_NONNULL = YES;
				CLANG_ANALYZER_NUMBER_OBJECT_CONVERSION = YES_AGGRESSIVE;
				CLANG_CXX_LANGUAGE_STANDARD = "gnu++14";
				CLANG_CXX_LIBRARY = "libc++";
				CLANG_ENABLE_MODULES = YES;
				CLANG_ENABLE_OBJC_ARC = YES;
				CLANG_ENABLE_OBJC_WEAK = YES;
				CLANG_WARN_BLOCK_CAPTURE_AUTORELEASING = YES;
				CLANG_WARN_BOOL_CONVERSION = YES;
				CLANG_WARN_COMMA = YES;
				CLANG_WARN_CONSTANT_CONVERSION = YES;
				CLANG_WARN_DEPRECATED_OBJC_IMPLEMENTATIONS = YES;
				CLANG_WARN_DIRECT_OBJC_ISA_USAGE = YES_ERROR;
				CLANG_WARN_DOCUMENTATION_COMMENTS = YES;
				CLANG_WARN_EMPTY_BODY = YES;
				CLANG_WARN_ENUM_CONVERSION = YES;
				CLANG_WARN_INFINITE_RECURSION = YES;
				CLANG_WARN_INT_CONVERSION = YES;
				CLANG_WARN_NON_LITERAL_NULL_CONVERSION = YES;
				CLANG_WARN_OBJC_IMPLICIT_RETAIN_SELF = YES;
				CLANG_WARN_OBJC_LITERAL_CONVERSION = YES;
				CLANG_WARN_OBJC_ROOT_CLASS = YES_ERROR;
				CLANG_WARN_RANGE_LOOP_ANALYSIS = YES;
				CLANG_WARN_STRICT_PROTOTYPES = YES;
				CLANG_WARN_SUSPICIOUS_MOVE = YES;
				CLANG_WARN_UNGUARDED_AVAILABILITY = YES_AGGRESSIVE;
				CLANG_WARN_UNREACHABLE_CODE = YES;
				CLANG_WARN__DUPLICATE_METHOD_MATCH = YES;
				CODE_SIGN_IDENTITY = "iPhone Developer";
				COPY_PHASE_STRIP = NO;
				DEBUG_INFORMATION_FORMAT = dwarf;
				ENABLE_STRICT_OBJC_MSGSEND = YES;
				ENABLE_TESTABILITY = YES;
				GCC_C_LANGUAGE_STANDARD = gnu11;
				GCC_DYNAMIC_NO_PIC = NO;
				GCC_NO_COMMON_BLOCKS = YES;
				GCC_OPTIMIZATION_LEVEL = 0;
				GCC_PREPROCESSOR_DEFINITIONS = (
					"DEBUG=1",
					"$(inherited)",
				);
				GCC_WARN_64_TO_32_BIT_CONVERSION = YES;
				GCC_WARN_ABOUT_RETURN_TYPE = YES_ERROR;
				GCC_WARN_UNDECLARED_SELECTOR = YES;
				GCC_WARN_UNINITIALIZED_AUTOS = YES_AGGRESSIVE;
				GCC_WARN_UNUSED_FUNCTION = YES;
				GCC_WARN_UNUSED_VARIABLE = YES;
				IPHONEOS_DEPLOYMENT_TARGET = 12.2;
				MTL_ENABLE_DEBUG_INFO = INCLUDE_SOURCE;
				MTL_FAST_MATH = YES;
				ONLY_ACTIVE_ARCH = YES;
				SDKROOT = iphoneos;
				SWIFT_ACTIVE_COMPILATION_CONDITIONS = DEBUG;
				SWIFT_OPTIMIZATION_LEVEL = "-Onone";
			};
			name = Debug;
		};
		253E168D22AAA9AF00C2C901 /* Release */ = {
			isa = XCBuildConfiguration;
			buildSettings = {
				ALWAYS_SEARCH_USER_PATHS = NO;
				CLANG_ANALYZER_NONNULL = YES;
				CLANG_ANALYZER_NUMBER_OBJECT_CONVERSION = YES_AGGRESSIVE;
				CLANG_CXX_LANGUAGE_STANDARD = "gnu++14";
				CLANG_CXX_LIBRARY = "libc++";
				CLANG_ENABLE_MODULES = YES;
				CLANG_ENABLE_OBJC_ARC = YES;
				CLANG_ENABLE_OBJC_WEAK = YES;
				CLANG_WARN_BLOCK_CAPTURE_AUTORELEASING = YES;
				CLANG_WARN_BOOL_CONVERSION = YES;
				CLANG_WARN_COMMA = YES;
				CLANG_WARN_CONSTANT_CONVERSION = YES;
				CLANG_WARN_DEPRECATED_OBJC_IMPLEMENTATIONS = YES;
				CLANG_WARN_DIRECT_OBJC_ISA_USAGE = YES_ERROR;
				CLANG_WARN_DOCUMENTATION_COMMENTS = YES;
				CLANG_WARN_EMPTY_BODY = YES;
				CLANG_WARN_ENUM_CONVERSION = YES;
				CLANG_WARN_INFINITE_RECURSION = YES;
				CLANG_WARN_INT_CONVERSION = YES;
				CLANG_WARN_NON_LITERAL_NULL_CONVERSION = YES;
				CLANG_WARN_OBJC_IMPLICIT_RETAIN_SELF = YES;
				CLANG_WARN_OBJC_LITERAL_CONVERSION = YES;
				CLANG_WARN_OBJC_ROOT_CLASS = YES_ERROR;
				CLANG_WARN_RANGE_LOOP_ANALYSIS = YES;
				CLANG_WARN_STRICT_PROTOTYPES = YES;
				CLANG_WARN_SUSPICIOUS_MOVE = YES;
				CLANG_WARN_UNGUARDED_AVAILABILITY = YES_AGGRESSIVE;
				CLANG_WARN_UNREACHABLE_CODE = YES;
				CLANG_WARN__DUPLICATE_METHOD_MATCH = YES;
				CODE_SIGN_IDENTITY = "iPhone Developer";
				COPY_PHASE_STRIP = NO;
				DEBUG_INFORMATION_FORMAT = "dwarf-with-dsym";
				ENABLE_NS_ASSERTIONS = NO;
				ENABLE_STRICT_OBJC_MSGSEND = YES;
				GCC_C_LANGUAGE_STANDARD = gnu11;
				GCC_NO_COMMON_BLOCKS = YES;
				GCC_WARN_64_TO_32_BIT_CONVERSION = YES;
				GCC_WARN_ABOUT_RETURN_TYPE = YES_ERROR;
				GCC_WARN_UNDECLARED_SELECTOR = YES;
				GCC_WARN_UNINITIALIZED_AUTOS = YES_AGGRESSIVE;
				GCC_WARN_UNUSED_FUNCTION = YES;
				GCC_WARN_UNUSED_VARIABLE = YES;
				IPHONEOS_DEPLOYMENT_TARGET = 12.2;
				MTL_ENABLE_DEBUG_INFO = NO;
				MTL_FAST_MATH = YES;
				SDKROOT = iphoneos;
				SWIFT_COMPILATION_MODE = wholemodule;
				SWIFT_OPTIMIZATION_LEVEL = "-O";
				VALIDATE_PRODUCT = YES;
			};
			name = Release;
		};
		253E168F22AAA9AF00C2C901 /* Debug */ = {
			isa = XCBuildConfiguration;
			buildSettings = {
				ASSETCATALOG_COMPILER_APPICON_NAME = AppIcon;
				CODE_SIGN_STYLE = Automatic;
				DEVELOPMENT_TEAM = BFN7NDKVPX;
				INFOPLIST_FILE = Bedside/Info.plist;
				LD_RUNPATH_SEARCH_PATHS = (
					"$(inherited)",
					"@executable_path/Frameworks",
				);
				PRODUCT_BUNDLE_IDENTIFIER = DominickHera.Bedside;
				PRODUCT_NAME = "$(TARGET_NAME)";
				SWIFT_VERSION = 5.0;
				TARGETED_DEVICE_FAMILY = "1,2";
			};
			name = Debug;
		};
		253E169022AAA9AF00C2C901 /* Release */ = {
			isa = XCBuildConfiguration;
			buildSettings = {
				ASSETCATALOG_COMPILER_APPICON_NAME = AppIcon;
				CODE_SIGN_STYLE = Automatic;
				DEVELOPMENT_TEAM = BFN7NDKVPX;
				INFOPLIST_FILE = Bedside/Info.plist;
				LD_RUNPATH_SEARCH_PATHS = (
					"$(inherited)",
					"@executable_path/Frameworks",
				);
				PRODUCT_BUNDLE_IDENTIFIER = DominickHera.Bedside;
				PRODUCT_NAME = "$(TARGET_NAME)";
				SWIFT_VERSION = 5.0;
				TARGETED_DEVICE_FAMILY = "1,2";
			};
			name = Release;
		};
		253E169222AAA9AF00C2C901 /* Debug */ = {
			isa = XCBuildConfiguration;
			buildSettings = {
				ALWAYS_EMBED_SWIFT_STANDARD_LIBRARIES = YES;
				BUNDLE_LOADER = "$(TEST_HOST)";
				CODE_SIGN_STYLE = Automatic;
				DEVELOPMENT_TEAM = BFN7NDKVPX;
				INFOPLIST_FILE = BedsideTests/Info.plist;
				LD_RUNPATH_SEARCH_PATHS = (
					"$(inherited)",
					"@executable_path/Frameworks",
					"@loader_path/Frameworks",
				);
				PRODUCT_BUNDLE_IDENTIFIER = DominickHera.BedsideTests;
				PRODUCT_NAME = "$(TARGET_NAME)";
				SWIFT_VERSION = 5.0;
				TARGETED_DEVICE_FAMILY = "1,2";
				TEST_HOST = "$(BUILT_PRODUCTS_DIR)/Bedside.app/Bedside";
			};
			name = Debug;
		};
		253E169322AAA9AF00C2C901 /* Release */ = {
			isa = XCBuildConfiguration;
			buildSettings = {
				ALWAYS_EMBED_SWIFT_STANDARD_LIBRARIES = YES;
				BUNDLE_LOADER = "$(TEST_HOST)";
				CODE_SIGN_STYLE = Automatic;
				DEVELOPMENT_TEAM = BFN7NDKVPX;
				INFOPLIST_FILE = BedsideTests/Info.plist;
				LD_RUNPATH_SEARCH_PATHS = (
					"$(inherited)",
					"@executable_path/Frameworks",
					"@loader_path/Frameworks",
				);
				PRODUCT_BUNDLE_IDENTIFIER = DominickHera.BedsideTests;
				PRODUCT_NAME = "$(TARGET_NAME)";
				SWIFT_VERSION = 5.0;
				TARGETED_DEVICE_FAMILY = "1,2";
				TEST_HOST = "$(BUILT_PRODUCTS_DIR)/Bedside.app/Bedside";
			};
			name = Release;
		};
		253E169522AAA9AF00C2C901 /* Debug */ = {
			isa = XCBuildConfiguration;
			buildSettings = {
				ALWAYS_EMBED_SWIFT_STANDARD_LIBRARIES = YES;
				CODE_SIGN_STYLE = Automatic;
				DEVELOPMENT_TEAM = BFN7NDKVPX;
				INFOPLIST_FILE = BedsideUITests/Info.plist;
				LD_RUNPATH_SEARCH_PATHS = (
					"$(inherited)",
					"@executable_path/Frameworks",
					"@loader_path/Frameworks",
				);
				PRODUCT_BUNDLE_IDENTIFIER = DominickHera.BedsideUITests;
				PRODUCT_NAME = "$(TARGET_NAME)";
				SWIFT_VERSION = 5.0;
				TARGETED_DEVICE_FAMILY = "1,2";
				TEST_TARGET_NAME = Bedside;
			};
			name = Debug;
		};
		253E169622AAA9AF00C2C901 /* Release */ = {
			isa = XCBuildConfiguration;
			buildSettings = {
				ALWAYS_EMBED_SWIFT_STANDARD_LIBRARIES = YES;
				CODE_SIGN_STYLE = Automatic;
				DEVELOPMENT_TEAM = BFN7NDKVPX;
				INFOPLIST_FILE = BedsideUITests/Info.plist;
				LD_RUNPATH_SEARCH_PATHS = (
					"$(inherited)",
					"@executable_path/Frameworks",
					"@loader_path/Frameworks",
				);
				PRODUCT_BUNDLE_IDENTIFIER = DominickHera.BedsideUITests;
				PRODUCT_NAME = "$(TARGET_NAME)";
				SWIFT_VERSION = 5.0;
				TARGETED_DEVICE_FAMILY = "1,2";
				TEST_TARGET_NAME = Bedside;
			};
			name = Release;
		};
/* End XCBuildConfiguration section */

/* Begin XCConfigurationList section */
		253E165E22AAA9AC00C2C901 /* Build configuration list for PBXProject "Bedside" */ = {
			isa = XCConfigurationList;
			buildConfigurations = (
				253E168C22AAA9AF00C2C901 /* Debug */,
				253E168D22AAA9AF00C2C901 /* Release */,
			);
			defaultConfigurationIsVisible = 0;
			defaultConfigurationName = Release;
		};
		253E168E22AAA9AF00C2C901 /* Build configuration list for PBXNativeTarget "Bedside" */ = {
			isa = XCConfigurationList;
			buildConfigurations = (
				253E168F22AAA9AF00C2C901 /* Debug */,
				253E169022AAA9AF00C2C901 /* Release */,
			);
			defaultConfigurationIsVisible = 0;
			defaultConfigurationName = Release;
		};
		253E169122AAA9AF00C2C901 /* Build configuration list for PBXNativeTarget "BedsideTests" */ = {
			isa = XCConfigurationList;
			buildConfigurations = (
				253E169222AAA9AF00C2C901 /* Debug */,
				253E169322AAA9AF00C2C901 /* Release */,
			);
			defaultConfigurationIsVisible = 0;
			defaultConfigurationName = Release;
		};
		253E169422AAA9AF00C2C901 /* Build configuration list for PBXNativeTarget "BedsideUITests" */ = {
			isa = XCConfigurationList;
			buildConfigurations = (
				253E169522AAA9AF00C2C901 /* Debug */,
				253E169622AAA9AF00C2C901 /* Release */,
			);
			defaultConfigurationIsVisible = 0;
			defaultConfigurationName = Release;
		};
/* End XCConfigurationList section */

/* Begin XCVersionGroup section */
		253E166D22AAA9AC00C2C901 /* Bedside.xcdatamodeld */ = {
			isa = XCVersionGroup;
			children = (
				253E166E22AAA9AC00C2C901 /* Bedside.xcdatamodel */,
			);
			currentVersion = 253E166E22AAA9AC00C2C901 /* Bedside.xcdatamodel */;
			path = Bedside.xcdatamodeld;
			sourceTree = "<group>";
			versionGroupType = wrapper.xcdatamodel;
		};
/* End XCVersionGroup section */
	};
	rootObject = 253E165B22AAA9AC00C2C901 /* Project object */;
}
